// !$*UTF8*$!
{
	archiveVersion = 1;
	classes = {
	};
	objectVersion = 56;
	objects = {

/* Begin PBXBuildFile section */
		A93E3F4B294D224A00B9708D /* SpeechRecognizer.swift in Sources */ = {isa = PBXBuildFile; fileRef = A93E3F4A294D224A00B9708D /* SpeechRecognizer.swift */; };
		AAAE8020294793AB0099DABC /* FoodLoggerApp.swift in Sources */ = {isa = PBXBuildFile; fileRef = AAAE801F294793AB0099DABC /* FoodLoggerApp.swift */; };
		AAAE8024294793AB0099DABC /* Assets.xcassets in Resources */ = {isa = PBXBuildFile; fileRef = AAAE8023294793AB0099DABC /* Assets.xcassets */; };
		D82659242C5E072D007EE286 /* STTView.swift in Sources */ = {isa = PBXBuildFile; fileRef = D82659232C5E072D007EE286 /* STTView.swift */; };
		D82C62E72C67372600FD8FDB /* GoogleGenerativeAI in Frameworks */ = {isa = PBXBuildFile; productRef = D82C62E62C67372600FD8FDB /* GoogleGenerativeAI */; };
		D82C62E92C67375A00FD8FDB /* Chatbot.swift in Sources */ = {isa = PBXBuildFile; fileRef = D82C62E82C67375A00FD8FDB /* Chatbot.swift */; };
		D83667EA2C648FFE008CF8E0 /* textToSpeech.swift in Sources */ = {isa = PBXBuildFile; fileRef = D83667E92C648FFE008CF8E0 /* textToSpeech.swift */; };
/* End PBXBuildFile section */

/* Begin PBXFileReference section */
		A93E3F4A294D224A00B9708D /* SpeechRecognizer.swift */ = {isa = PBXFileReference; lastKnownFileType = sourcecode.swift; path = SpeechRecognizer.swift; sourceTree = "<group>"; };
		AAAE801C294793AB0099DABC /* FoodLogger.app */ = {isa = PBXFileReference; explicitFileType = wrapper.application; includeInIndex = 0; path = FoodLogger.app; sourceTree = BUILT_PRODUCTS_DIR; };
		AAAE801F294793AB0099DABC /* FoodLoggerApp.swift */ = {isa = PBXFileReference; lastKnownFileType = sourcecode.swift; path = FoodLoggerApp.swift; sourceTree = "<group>"; };
		AAAE8023294793AB0099DABC /* Assets.xcassets */ = {isa = PBXFileReference; lastKnownFileType = folder.assetcatalog; path = Assets.xcassets; sourceTree = "<group>"; };
		AAAE802D2947945C0099DABC /* README.md */ = {isa = PBXFileReference; lastKnownFileType = net.daringfireball.markdown; path = README.md; sourceTree = "<group>"; };
		AAAE802E2947949E0099DABC /* LICENSE */ = {isa = PBXFileReference; lastKnownFileType = folder; path = LICENSE; sourceTree = "<group>"; };
		AAAE8030294795050099DABC /* SampleCode.xcconfig */ = {isa = PBXFileReference; fileEncoding = 4; lastKnownFileType = text.xcconfig; path = SampleCode.xcconfig; sourceTree = "<group>"; };
		D82659232C5E072D007EE286 /* STTView.swift */ = {isa = PBXFileReference; lastKnownFileType = sourcecode.swift; path = STTView.swift; sourceTree = "<group>"; };
		D82C62E82C67375A00FD8FDB /* Chatbot.swift */ = {isa = PBXFileReference; lastKnownFileType = sourcecode.swift; path = Chatbot.swift; sourceTree = "<group>"; };
		D83667E92C648FFE008CF8E0 /* textToSpeech.swift */ = {isa = PBXFileReference; lastKnownFileType = sourcecode.swift; path = textToSpeech.swift; sourceTree = "<group>"; };
/* End PBXFileReference section */

/* Begin PBXFrameworksBuildPhase section */
		AAAE8019294793AB0099DABC /* Frameworks */ = {
			isa = PBXFrameworksBuildPhase;
			buildActionMask = 2147483647;
			files = (
				D82C62E72C67372600FD8FDB /* GoogleGenerativeAI in Frameworks */,
			);
			runOnlyForDeploymentPostprocessing = 0;
		};
/* End PBXFrameworksBuildPhase section */

/* Begin PBXGroup section */
		A9789BAC2947DE3900305A2F /* Models */ = {
			isa = PBXGroup;
			children = (
				A93E3F4A294D224A00B9708D /* SpeechRecognizer.swift */,
				D83667E92C648FFE008CF8E0 /* textToSpeech.swift */,
				D82C62E82C67375A00FD8FDB /* Chatbot.swift */,
			);
			path = Models;
			sourceTree = "<group>";
		};
		A9789BB32947E4F500305A2F /* Views */ = {
			isa = PBXGroup;
			children = (
				D82659232C5E072D007EE286 /* STTView.swift */,
			);
			path = Views;
			sourceTree = "<group>";
		};
		AAAE8013294793AB0099DABC = {
			isa = PBXGroup;
			children = (
				AAAE802D2947945C0099DABC /* README.md */,
				AAAE801E294793AB0099DABC /* FoodLogger */,
				AAAE802F294794D40099DABC /* Configuration */,
				AAAE802E2947949E0099DABC /* LICENSE */,
				AAAE801D294793AB0099DABC /* Products */,
			);
			sourceTree = "<group>";
		};
		AAAE801D294793AB0099DABC /* Products */ = {
			isa = PBXGroup;
			children = (
				AAAE801C294793AB0099DABC /* FoodLogger.app */,
			);
			name = Products;
			sourceTree = "<group>";
		};
		AAAE801E294793AB0099DABC /* FoodLogger */ = {
			isa = PBXGroup;
			children = (
				D83667EE2C655FC6008CF8E0 /* Audios */,
				A9789BAC2947DE3900305A2F /* Models */,
				A9789BB32947E4F500305A2F /* Views */,
				AAAE801F294793AB0099DABC /* FoodLoggerApp.swift */,
				AAAE8023294793AB0099DABC /* Assets.xcassets */,
			);
			path = FoodLogger;
			sourceTree = "<group>";
		};
		AAAE802F294794D40099DABC /* Configuration */ = {
			isa = PBXGroup;
			children = (
				AAAE8030294795050099DABC /* SampleCode.xcconfig */,
			);
			path = Configuration;
			sourceTree = "<group>";
		};
		D83667EE2C655FC6008CF8E0 /* Audios */ = {
			isa = PBXGroup;
			children = (
			);
			path = Audios;
			sourceTree = "<group>";
		};
/* End PBXGroup section */

/* Begin PBXNativeTarget section */
		AAAE801B294793AB0099DABC /* FoodLogger */ = {
			isa = PBXNativeTarget;
			buildConfigurationList = AAAE802A294793AB0099DABC /* Build configuration list for PBXNativeTarget "FoodLogger" */;
			buildPhases = (
				AAAE8018294793AB0099DABC /* Sources */,
				AAAE8019294793AB0099DABC /* Frameworks */,
				AAAE801A294793AB0099DABC /* Resources */,
			);
			buildRules = (
			);
			dependencies = (
			);
			name = FoodLogger;
			packageProductDependencies = (
				D82C62E62C67372600FD8FDB /* GoogleGenerativeAI */,
			);
			productName = Scrumdinger;
			productReference = AAAE801C294793AB0099DABC /* FoodLogger.app */;
			productType = "com.apple.product-type.application";
		};
/* End PBXNativeTarget section */

/* Begin PBXProject section */
		AAAE8014294793AB0099DABC /* Project object */ = {
			isa = PBXProject;
			attributes = {
				BuildIndependentTargetsInParallel = 1;
				LastSwiftUpdateCheck = 1410;
				LastUpgradeCheck = 1540;
				TargetAttributes = {
					AAAE801B294793AB0099DABC = {
						CreatedOnToolsVersion = 14.1;
					};
				};
			};
			buildConfigurationList = AAAE8017294793AB0099DABC /* Build configuration list for PBXProject "FoodLogger" */;
			compatibilityVersion = "Xcode 14.0";
			developmentRegion = en;
			hasScannedForEncodings = 0;
			knownRegions = (
				en,
				Base,
			);
			mainGroup = AAAE8013294793AB0099DABC;
			packageReferences = (
				D82C62E52C67372600FD8FDB /* XCRemoteSwiftPackageReference "generative-ai-swift" */,
			);
			productRefGroup = AAAE801D294793AB0099DABC /* Products */;
			projectDirPath = "";
			projectRoot = "";
			targets = (
				AAAE801B294793AB0099DABC /* FoodLogger */,
			);
		};
/* End PBXProject section */

/* Begin PBXResourcesBuildPhase section */
		AAAE801A294793AB0099DABC /* Resources */ = {
			isa = PBXResourcesBuildPhase;
			buildActionMask = 2147483647;
			files = (
				AAAE8024294793AB0099DABC /* Assets.xcassets in Resources */,
			);
			runOnlyForDeploymentPostprocessing = 0;
		};
/* End PBXResourcesBuildPhase section */

/* Begin PBXSourcesBuildPhase section */
		AAAE8018294793AB0099DABC /* Sources */ = {
			isa = PBXSourcesBuildPhase;
			buildActionMask = 2147483647;
			files = (
				D83667EA2C648FFE008CF8E0 /* textToSpeech.swift in Sources */,
				D82659242C5E072D007EE286 /* STTView.swift in Sources */,
				A93E3F4B294D224A00B9708D /* SpeechRecognizer.swift in Sources */,
				AAAE8020294793AB0099DABC /* FoodLoggerApp.swift in Sources */,
				D82C62E92C67375A00FD8FDB /* Chatbot.swift in Sources */,
			);
			runOnlyForDeploymentPostprocessing = 0;
		};
/* End PBXSourcesBuildPhase section */

/* Begin XCBuildConfiguration section */
		AAAE8028294793AB0099DABC /* Debug */ = {
			isa = XCBuildConfiguration;
			baseConfigurationReference = AAAE8030294795050099DABC /* SampleCode.xcconfig */;
			buildSettings = {
				ALWAYS_SEARCH_USER_PATHS = NO;
				CLANG_ANALYZER_NONNULL = YES;
				CLANG_ANALYZER_NUMBER_OBJECT_CONVERSION = YES_AGGRESSIVE;
				CLANG_CXX_LANGUAGE_STANDARD = "gnu++20";
				CLANG_ENABLE_MODULES = YES;
				CLANG_ENABLE_OBJC_ARC = YES;
				CLANG_ENABLE_OBJC_WEAK = YES;
				CLANG_WARN_BLOCK_CAPTURE_AUTORELEASING = YES;
				CLANG_WARN_BOOL_CONVERSION = YES;
				CLANG_WARN_COMMA = YES;
				CLANG_WARN_CONSTANT_CONVERSION = YES;
				CLANG_WARN_DEPRECATED_OBJC_IMPLEMENTATIONS = YES;
				CLANG_WARN_DIRECT_OBJC_ISA_USAGE = YES_ERROR;
				CLANG_WARN_DOCUMENTATION_COMMENTS = YES;
				CLANG_WARN_EMPTY_BODY = YES;
				CLANG_WARN_ENUM_CONVERSION = YES;
				CLANG_WARN_INFINITE_RECURSION = YES;
				CLANG_WARN_INT_CONVERSION = YES;
				CLANG_WARN_NON_LITERAL_NULL_CONVERSION = YES;
				CLANG_WARN_OBJC_IMPLICIT_RETAIN_SELF = YES;
				CLANG_WARN_OBJC_LITERAL_CONVERSION = YES;
				CLANG_WARN_OBJC_ROOT_CLASS = YES_ERROR;
				CLANG_WARN_QUOTED_INCLUDE_IN_FRAMEWORK_HEADER = YES;
				CLANG_WARN_RANGE_LOOP_ANALYSIS = YES;
				CLANG_WARN_STRICT_PROTOTYPES = YES;
				CLANG_WARN_SUSPICIOUS_MOVE = YES;
				CLANG_WARN_UNGUARDED_AVAILABILITY = YES_AGGRESSIVE;
				CLANG_WARN_UNREACHABLE_CODE = YES;
				CLANG_WARN__DUPLICATE_METHOD_MATCH = YES;
				COPY_PHASE_STRIP = NO;
				DEBUG_INFORMATION_FORMAT = dwarf;
				ENABLE_STRICT_OBJC_MSGSEND = YES;
				ENABLE_TESTABILITY = YES;
				ENABLE_USER_SCRIPT_SANDBOXING = YES;
				GCC_C_LANGUAGE_STANDARD = gnu11;
				GCC_DYNAMIC_NO_PIC = NO;
				GCC_NO_COMMON_BLOCKS = YES;
				GCC_OPTIMIZATION_LEVEL = 0;
				GCC_PREPROCESSOR_DEFINITIONS = (
					"DEBUG=1",
					"$(inherited)",
				);
				GCC_WARN_64_TO_32_BIT_CONVERSION = YES;
				GCC_WARN_ABOUT_RETURN_TYPE = YES_ERROR;
				GCC_WARN_UNDECLARED_SELECTOR = YES;
				GCC_WARN_UNINITIALIZED_AUTOS = YES_AGGRESSIVE;
				GCC_WARN_UNUSED_FUNCTION = YES;
				GCC_WARN_UNUSED_VARIABLE = YES;
				IPHONEOS_DEPLOYMENT_TARGET = 16.1;
				MTL_ENABLE_DEBUG_INFO = INCLUDE_SOURCE;
				MTL_FAST_MATH = YES;
				ONLY_ACTIVE_ARCH = YES;
				SDKROOT = iphoneos;
				SWIFT_ACTIVE_COMPILATION_CONDITIONS = DEBUG;
				SWIFT_OPTIMIZATION_LEVEL = "-Onone";
			};
			name = Debug;
		};
		AAAE8029294793AB0099DABC /* Release */ = {
			isa = XCBuildConfiguration;
			baseConfigurationReference = AAAE8030294795050099DABC /* SampleCode.xcconfig */;
			buildSettings = {
				ALWAYS_SEARCH_USER_PATHS = NO;
				CLANG_ANALYZER_NONNULL = YES;
				CLANG_ANALYZER_NUMBER_OBJECT_CONVERSION = YES_AGGRESSIVE;
				CLANG_CXX_LANGUAGE_STANDARD = "gnu++20";
				CLANG_ENABLE_MODULES = YES;
				CLANG_ENABLE_OBJC_ARC = YES;
				CLANG_ENABLE_OBJC_WEAK = YES;
				CLANG_WARN_BLOCK_CAPTURE_AUTORELEASING = YES;
				CLANG_WARN_BOOL_CONVERSION = YES;
				CLANG_WARN_COMMA = YES;
				CLANG_WARN_CONSTANT_CONVERSION = YES;
				CLANG_WARN_DEPRECATED_OBJC_IMPLEMENTATIONS = YES;
				CLANG_WARN_DIRECT_OBJC_ISA_USAGE = YES_ERROR;
				CLANG_WARN_DOCUMENTATION_COMMENTS = YES;
				CLANG_WARN_EMPTY_BODY = YES;
				CLANG_WARN_ENUM_CONVERSION = YES;
				CLANG_WARN_INFINITE_RECURSION = YES;
				CLANG_WARN_INT_CONVERSION = YES;
				CLANG_WARN_NON_LITERAL_NULL_CONVERSION = YES;
				CLANG_WARN_OBJC_IMPLICIT_RETAIN_SELF = YES;
				CLANG_WARN_OBJC_LITERAL_CONVERSION = YES;
				CLANG_WARN_OBJC_ROOT_CLASS = YES_ERROR;
				CLANG_WARN_QUOTED_INCLUDE_IN_FRAMEWORK_HEADER = YES;
				CLANG_WARN_RANGE_LOOP_ANALYSIS = YES;
				CLANG_WARN_STRICT_PROTOTYPES = YES;
				CLANG_WARN_SUSPICIOUS_MOVE = YES;
				CLANG_WARN_UNGUARDED_AVAILABILITY = YES_AGGRESSIVE;
				CLANG_WARN_UNREACHABLE_CODE = YES;
				CLANG_WARN__DUPLICATE_METHOD_MATCH = YES;
				COPY_PHASE_STRIP = NO;
				DEBUG_INFORMATION_FORMAT = "dwarf-with-dsym";
				ENABLE_NS_ASSERTIONS = NO;
				ENABLE_STRICT_OBJC_MSGSEND = YES;
				ENABLE_USER_SCRIPT_SANDBOXING = YES;
				GCC_C_LANGUAGE_STANDARD = gnu11;
				GCC_NO_COMMON_BLOCKS = YES;
				GCC_WARN_64_TO_32_BIT_CONVERSION = YES;
				GCC_WARN_ABOUT_RETURN_TYPE = YES_ERROR;
				GCC_WARN_UNDECLARED_SELECTOR = YES;
				GCC_WARN_UNINITIALIZED_AUTOS = YES_AGGRESSIVE;
				GCC_WARN_UNUSED_FUNCTION = YES;
				GCC_WARN_UNUSED_VARIABLE = YES;
				IPHONEOS_DEPLOYMENT_TARGET = 16.1;
				MTL_ENABLE_DEBUG_INFO = NO;
				MTL_FAST_MATH = YES;
				SDKROOT = iphoneos;
				SWIFT_COMPILATION_MODE = wholemodule;
				SWIFT_OPTIMIZATION_LEVEL = "-O";
				VALIDATE_PRODUCT = YES;
			};
			name = Release;
		};
		AAAE802B294793AB0099DABC /* Debug */ = {
			isa = XCBuildConfiguration;
			baseConfigurationReference = AAAE8030294795050099DABC /* SampleCode.xcconfig */;
			buildSettings = {
				ASSETCATALOG_COMPILER_APPICON_NAME = AppIcon;
				ASSETCATALOG_COMPILER_GLOBAL_ACCENT_COLOR_NAME = AccentColor;
				CODE_SIGN_STYLE = Automatic;
				CURRENT_PROJECT_VERSION = 1;
				ENABLE_PREVIEWS = YES;
				GENERATE_INFOPLIST_FILE = YES;
				INFOPLIST_KEY_LSApplicationCategoryType = "";
				INFOPLIST_KEY_NSMicrophoneUsageDescription = "Audio is recorded to transcribe the meeting. Audio recordings are discarded after transcription.";
				INFOPLIST_KEY_NSSpeechRecognitionUsageDescription = "You can view a text transcription of your meeting in the app.";
				INFOPLIST_KEY_UIApplicationSceneManifest_Generation = YES;
				INFOPLIST_KEY_UIApplicationSupportsIndirectInputEvents = YES;
				INFOPLIST_KEY_UILaunchScreen_Generation = YES;
				INFOPLIST_KEY_UISupportedInterfaceOrientations = UIInterfaceOrientationPortrait;
				LD_RUNPATH_SEARCH_PATHS = (
					"$(inherited)",
					"@executable_path/Frameworks",
				);
				MARKETING_VERSION = 1.0;
				NEW_SETTING = "";
				PRODUCT_BUNDLE_IDENTIFIER = com.Pranav.FoodLogger;
				PRODUCT_NAME = "$(TARGET_NAME)";
				SWIFT_EMIT_LOC_STRINGS = YES;
				SWIFT_VERSION = 5.0;
				TARGETED_DEVICE_FAMILY = "1,2";
			};
			name = Debug;
		};
		AAAE802C294793AB0099DABC /* Release */ = {
			isa = XCBuildConfiguration;
			baseConfigurationReference = AAAE8030294795050099DABC /* SampleCode.xcconfig */;
			buildSettings = {
				ASSETCATALOG_COMPILER_APPICON_NAME = AppIcon;
				ASSETCATALOG_COMPILER_GLOBAL_ACCENT_COLOR_NAME = AccentColor;
				CODE_SIGN_STYLE = Automatic;
				CURRENT_PROJECT_VERSION = 1;
				ENABLE_PREVIEWS = YES;
				GENERATE_INFOPLIST_FILE = YES;
				INFOPLIST_KEY_LSApplicationCategoryType = "";
				INFOPLIST_KEY_NSMicrophoneUsageDescription = "Audio is recorded to transcribe the meeting. Audio recordings are discarded after transcription.";
				INFOPLIST_KEY_NSSpeechRecognitionUsageDescription = "You can view a text transcription of your meeting in the app.";
				INFOPLIST_KEY_UIApplicationSceneManifest_Generation = YES;
				INFOPLIST_KEY_UIApplicationSupportsIndirectInputEvents = YES;
				INFOPLIST_KEY_UILaunchScreen_Generation = YES;
				INFOPLIST_KEY_UISupportedInterfaceOrientations = UIInterfaceOrientationPortrait;
				LD_RUNPATH_SEARCH_PATHS = (
					"$(inherited)",
					"@executable_path/Frameworks",
				);
				MARKETING_VERSION = 1.0;
				NEW_SETTING = "";
				PRODUCT_BUNDLE_IDENTIFIER = com.Pranav.FoodLogger;
				PRODUCT_NAME = "$(TARGET_NAME)";
				SWIFT_EMIT_LOC_STRINGS = YES;
				SWIFT_VERSION = 5.0;
				TARGETED_DEVICE_FAMILY = "1,2";
			};
			name = Release;
		};
/* End XCBuildConfiguration section */

/* Begin XCConfigurationList section */
		AAAE8017294793AB0099DABC /* Build configuration list for PBXProject "FoodLogger" */ = {
			isa = XCConfigurationList;
			buildConfigurations = (
				AAAE8028294793AB0099DABC /* Debug */,
				AAAE8029294793AB0099DABC /* Release */,
			);
			defaultConfigurationIsVisible = 0;
			defaultConfigurationName = Release;
		};
		AAAE802A294793AB0099DABC /* Build configuration list for PBXNativeTarget "FoodLogger" */ = {
			isa = XCConfigurationList;
			buildConfigurations = (
				AAAE802B294793AB0099DABC /* Debug */,
				AAAE802C294793AB0099DABC /* Release */,
			);
			defaultConfigurationIsVisible = 0;
			defaultConfigurationName = Release;
		};
/* End XCConfigurationList section */

/* Begin XCRemoteSwiftPackageReference section */
		D82C62E52C67372600FD8FDB /* XCRemoteSwiftPackageReference "generative-ai-swift" */ = {
			isa = XCRemoteSwiftPackageReference;
			repositoryURL = "https://github.com/google/generative-ai-swift";
			requirement = {
				kind = upToNextMajorVersion;
				minimumVersion = 0.5.5;
			};
		};
/* End XCRemoteSwiftPackageReference section */

/* Begin XCSwiftPackageProductDependency section */
		D82C62E62C67372600FD8FDB /* GoogleGenerativeAI */ = {
			isa = XCSwiftPackageProductDependency;
			package = D82C62E52C67372600FD8FDB /* XCRemoteSwiftPackageReference "generative-ai-swift" */;
			productName = GoogleGenerativeAI;
		};
/* End XCSwiftPackageProductDependency section */
	};
	rootObject = AAAE8014294793AB0099DABC /* Project object */;
}
